<?xml version="1.0" encoding="utf-8"?>
<Project ToolsVersion="4.0" xmlns="http://schemas.microsoft.com/developer/msbuild/2003">
  <ItemGroup>
    <Filter Include="Source Files">
      <UniqueIdentifier>{4FC737F1-C7A5-4376-A066-2A32D752A2FF}</UniqueIdentifier>
      <Extensions>cpp;c;cc;cxx;def;odl;idl;hpj;bat;asm;asmx</Extensions>
    </Filter>
    <Filter Include="Header Files">
      <UniqueIdentifier>{93995380-89BD-4b04-88EB-625FBE52EBFB}</UniqueIdentifier>
      <Extensions>h;hh;hpp;hxx;hm;inl;inc;xsd</Extensions>
    </Filter>
    <Filter Include="Resource Files">
      <UniqueIdentifier>{67DA6AB6-F800-4c08-8B7A-83BB121AAD01}</UniqueIdentifier>
      <Extensions>rc;ico;cur;bmp;dlg;rc2;rct;bin;rgs;gif;jpg;jpeg;jpe;resx;tiff;tif;png;wav;mfcribbon-ms</Extensions>
    </Filter>
  </ItemGroup>
  <ItemGroup>
    <ClInclude Include="..\JackieNet\BasicTypes.h">
      <Filter>Header Files</Filter>
    </ClInclude>
    <ClInclude Include="..\JackieNet\DefaultNetDefines.h">
      <Filter>Header Files</Filter>
    </ClInclude>
    <ClInclude Include="..\JackieNet\DLLExport.h">
      <Filter>Header Files</Filter>
    </ClInclude>
    <ClInclude Include="..\JackieNet\GlobalFunctions.h">
      <Filter>Header Files</Filter>
    </ClInclude>
    <ClInclude Include="..\JackieNet\JACKIE_Atomic.h">
      <Filter>Header Files</Filter>
    </ClInclude>
    <ClInclude Include="..\JackieNet\JACKIE_INet_Socket.h">
      <Filter>Header Files</Filter>
    </ClInclude>
    <ClInclude Include="..\JackieNet\JACKIE_Simple_Mutex.h">
      <Filter>Header Files</Filter>
    </ClInclude>
    <ClInclude Include="..\JackieNet\JACKIE_Thread.h">
      <Filter>Header Files</Filter>
    </ClInclude>
    <ClInclude Include="..\JackieNet\NetTime.h">
      <Filter>Header Files</Filter>
    </ClInclude>
    <ClInclude Include="..\JackieNet\NetTypes.h">
      <Filter>Header Files</Filter>
    </ClInclude>
    <ClInclude Include="..\JackieNet\OverrideMemory.h">
      <Filter>Header Files</Filter>
    </ClInclude>
    <ClInclude Include="..\JackieNet\OverrideNetDefines.h">
      <Filter>Header Files</Filter>
    </ClInclude>
    <ClInclude Include="..\JackieNet\SocketDefines.h">
      <Filter>Header Files</Filter>
    </ClInclude>
    <ClInclude Include="..\JackieNet\SockOSIncludes.h">
      <Filter>Header Files</Filter>
    </ClInclude>
    <ClInclude Include="..\JackieNet\WindowsIncludes.h">
      <Filter>Header Files</Filter>
    </ClInclude>
    <ClInclude Include="..\JackieNet\WSAStartupSingleton.h">
      <Filter>Header Files</Filter>
    </ClInclude>
  </ItemGroup>
  <ItemGroup>
    <ClCompile Include="..\JackieNet\GlobalFunctions.cpp">
      <Filter>Source Files</Filter>
    </ClCompile>
    <ClCompile Include="..\JackieNet\JACKIE_Atomic.cpp">
      <Filter>Source Files</Filter>
    </ClCompile>
    <ClCompile Include="..\JackieNet\JACKIE_INet_Socket.cpp">
      <Filter>Source Files</Filter>
    </ClCompile>
    <ClCompile Include="..\JackieNet\JACKIE_Simple_Mutex.cpp">
      <Filter>Source Files</Filter>
    </ClCompile>
    <ClCompile Include="..\JackieNet\JACKIE_Thread.cpp">
      <Filter>Source Files</Filter>
    </ClCompile>
    <ClCompile Include="..\JackieNet\NetTime.cpp">
      <Filter>Source Files</Filter>
    </ClCompile>
    <ClCompile Include="..\JackieNet\NetTypes.cpp">
      <Filter>Source Files</Filter>
    </ClCompile>
    <ClCompile Include="..\JackieNet\OverrideMemory.cpp">
      <Filter>Source Files</Filter>
    </ClCompile>
    <ClCompile Include="..\JackieNet\WSAStartupSingleton.cpp">
      <Filter>Source Files</Filter>
    </ClCompile>
  </ItemGroup>
  <ItemGroup>
    <None Include="dll.def">
      <Filter>Source Files</Filter>
    </None>
  </ItemGroup>
</Project>