<?xml version="1.0" encoding="utf-8"?>
<Project ToolsVersion="4.0" xmlns="http://schemas.microsoft.com/developer/msbuild/2003">
  <ItemGroup>
    <Filter Include="Source Files">
      <UniqueIdentifier>{4FC737F1-C7A5-4376-A066-2A32D752A2FF}</UniqueIdentifier>
      <Extensions>cpp;c;cc;cxx;def;odl;idl;hpj;bat;asm;asmx</Extensions>
    </Filter>
    <Filter Include="Header Files">
      <UniqueIdentifier>{93995380-89BD-4b04-88EB-625FBE52EBFB}</UniqueIdentifier>
      <Extensions>h;hh;hpp;hxx;hm;inl;inc;xsd</Extensions>
    </Filter>
  </ItemGroup>
  <ItemGroup>
    <ClInclude Include="..\source\980easylogging++.h">
      <Filter>Header Files</Filter>
    </ClInclude>
    <ClInclude Include="..\source\atomic_ops.h">
      <Filter>Header Files</Filter>
    </ClInclude>
    <ClInclude Include="..\source\BasicTypes.h">
      <Filter>Header Files</Filter>
    </ClInclude>
    <ClInclude Include="..\source\CompileFeatures.h">
      <Filter>Header Files</Filter>
    </ClInclude>
    <ClInclude Include="..\source\CompileFeaturesOverride.h">
      <Filter>Header Files</Filter>
    </ClInclude>
    <ClInclude Include="..\source\DefaultNetDefines.h">
      <Filter>Header Files</Filter>
    </ClInclude>
    <ClInclude Include="..\source\DLLExport.h">
      <Filter>Header Files</Filter>
    </ClInclude>
    <ClInclude Include="..\source\DoubleLinkedList.h">
      <Filter>Header Files</Filter>
    </ClInclude>
    <ClInclude Include="..\source\EasyLog.h">
      <Filter>Header Files</Filter>
    </ClInclude>
    <ClInclude Include="..\source\GlobalFunctions.h">
      <Filter>Header Files</Filter>
    </ClInclude>
    <ClInclude Include="..\source\IServerApplication.h">
      <Filter>Header Files</Filter>
    </ClInclude>
    <ClInclude Include="..\source\JACKIE_Atomic.h">
      <Filter>Header Files</Filter>
    </ClInclude>
    <ClInclude Include="..\source\JACKIE_Thread.h">
      <Filter>Header Files</Filter>
    </ClInclude>
    <ClInclude Include="..\source\JackieApplication.h">
      <Filter>Header Files</Filter>
    </ClInclude>
    <ClInclude Include="..\source\JackieArraryQueue.h">
      <Filter>Header Files</Filter>
    </ClInclude>
    <ClInclude Include="..\source\JackieBits.h">
      <Filter>Header Files</Filter>
    </ClInclude>
    <ClInclude Include="..\source\JackieINetSocket.h">
      <Filter>Header Files</Filter>
    </ClInclude>
    <ClInclude Include="..\source\JackieINetVersion.h">
      <Filter>Header Files</Filter>
    </ClInclude>
    <ClInclude Include="..\source\JackieIPlugin.h">
      <Filter>Header Files</Filter>
    </ClInclude>
    <ClInclude Include="..\source\JackieMemoryPool.h">
      <Filter>Header Files</Filter>
    </ClInclude>
    <ClInclude Include="..\source\JackieReliabler.h">
      <Filter>Header Files</Filter>
    </ClInclude>
    <ClInclude Include="..\source\JackieSimpleMutex.h">
      <Filter>Header Files</Filter>
    </ClInclude>
    <ClInclude Include="..\source\JackieSlidingWindows.h">
      <Filter>Header Files</Filter>
    </ClInclude>
    <ClInclude Include="..\source\JackieSpinLock.h">
      <Filter>Header Files</Filter>
    </ClInclude>
    <ClInclude Include="..\source\JackieSPSCQueue.h">
      <Filter>Header Files</Filter>
    </ClInclude>
    <ClInclude Include="..\source\JackieString.h">
      <Filter>Header Files</Filter>
    </ClInclude>
    <ClInclude Include="..\source\JackieWaitEvent.h">
      <Filter>Header Files</Filter>
    </ClInclude>
    <ClInclude Include="..\source\MessageID.h">
      <Filter>Header Files</Filter>
    </ClInclude>
    <ClInclude Include="..\source\NetTime.h">
      <Filter>Header Files</Filter>
    </ClInclude>
    <ClInclude Include="..\source\NetTypes.h">
      <Filter>Header Files</Filter>
    </ClInclude>
    <ClInclude Include="..\source\OverrideMemory.h">
      <Filter>Header Files</Filter>
    </ClInclude>
    <ClInclude Include="..\source\OverrideNetDefines.h">
      <Filter>Header Files</Filter>
    </ClInclude>
    <ClInclude Include="..\source\RandomSeedCreator.h">
      <Filter>Header Files</Filter>
    </ClInclude>
    <ClInclude Include="..\source\SecurityHandShake.h">
      <Filter>Header Files</Filter>
    </ClInclude>
    <ClInclude Include="..\source\SocketDefines.h">
      <Filter>Header Files</Filter>
    </ClInclude>
    <ClInclude Include="..\source\SockOSIncludes.h">
      <Filter>Header Files</Filter>
    </ClInclude>
    <ClInclude Include="..\source\WindowsIncludes.h">
      <Filter>Header Files</Filter>
    </ClInclude>
    <ClInclude Include="..\source\WSAStartupSingleton.h">
      <Filter>Header Files</Filter>
    </ClInclude>
    <ClInclude Include="..\source\JackieArrayList.h">
      <Filter>Header Files</Filter>
    </ClInclude>
    <ClInclude Include="..\source\JackieOrderArraryList.h">
      <Filter>Header Files</Filter>
    </ClInclude>
    <ClInclude Include="..\source\JakieOrderArrayListMap.h">
      <Filter>Header Files</Filter>
    </ClInclude>
  </ItemGroup>
  <ItemGroup>
    <ClCompile Include="..\source\GlobalFunctions.cpp">
      <Filter>Source Files</Filter>
    </ClCompile>
    <ClCompile Include="..\source\JACKIE_Atomic.cpp">
      <Filter>Source Files</Filter>
    </ClCompile>
    <ClCompile Include="..\source\JACKIE_Thread.cpp">
      <Filter>Source Files</Filter>
    </ClCompile>
    <ClCompile Include="..\source\JackieApplication.cpp">
      <Filter>Source Files</Filter>
    </ClCompile>
    <ClCompile Include="..\source\JackieBits.cpp">
      <Filter>Source Files</Filter>
    </ClCompile>
    <ClCompile Include="..\source\JackieINetSocket.cpp">
      <Filter>Source Files</Filter>
    </ClCompile>
    <ClCompile Include="..\source\JackieIPlugin.cpp">
      <Filter>Source Files</Filter>
    </ClCompile>
    <ClCompile Include="..\source\JackieReliabler.cpp">
      <Filter>Source Files</Filter>
    </ClCompile>
    <ClCompile Include="..\source\JackieSimpleMutex.cpp">
      <Filter>Source Files</Filter>
    </ClCompile>
    <ClCompile Include="..\source\JackieSlidingWindows.cpp">
      <Filter>Source Files</Filter>
    </ClCompile>
    <ClCompile Include="..\source\JackieSpinLock.cpp">
      <Filter>Source Files</Filter>
    </ClCompile>
    <ClCompile Include="..\source\JackieString.cpp">
      <Filter>Source Files</Filter>
    </ClCompile>
    <ClCompile Include="..\source\JackieWaitEvent.cpp">
      <Filter>Source Files</Filter>
    </ClCompile>
    <ClCompile Include="..\source\NetTime.cpp">
      <Filter>Source Files</Filter>
    </ClCompile>
    <ClCompile Include="..\source\NetTypes.cpp">
      <Filter>Source Files</Filter>
    </ClCompile>
    <ClCompile Include="..\source\OverrideMemory.cpp">
      <Filter>Source Files</Filter>
    </ClCompile>
    <ClCompile Include="..\source\RandomSeedCreator.cpp">
      <Filter>Source Files</Filter>
    </ClCompile>
    <ClCompile Include="..\source\SecurityHandShake.cpp">
      <Filter>Source Files</Filter>
    </ClCompile>
    <ClCompile Include="..\source\WSAStartupSingleton.cpp">
      <Filter>Source Files</Filter>
    </ClCompile>
  </ItemGroup>
  <ItemGroup>
    <Text Include="..\source\ReadMe.txt" />
  </ItemGroup>
</Project>