<?xml version="1.0" encoding="utf-8"?>
<Project ToolsVersion="4.0" xmlns="http://schemas.microsoft.com/developer/msbuild/2003">
  <ItemGroup>
    <Filter Include="Source Files">
      <UniqueIdentifier>{4FC737F1-C7A5-4376-A066-2A32D752A2FF}</UniqueIdentifier>
      <Extensions>cpp;c;cc;cxx;def;odl;idl;hpj;bat;asm;asmx</Extensions>
    </Filter>
    <Filter Include="Header Files">
      <UniqueIdentifier>{93995380-89BD-4b04-88EB-625FBE52EBFB}</UniqueIdentifier>
      <Extensions>h;hh;hpp;hxx;hm;inl;inc;xsd</Extensions>
    </Filter>
    <Filter Include="Header Files\DataStructures">
      <UniqueIdentifier>{dcee10b2-b287-423c-9e2b-925a601f8eb7}</UniqueIdentifier>
    </Filter>
    <Filter Include="Header Files\Ultils">
      <UniqueIdentifier>{17a16f5a-ca71-4fde-96ad-145cc5c310d6}</UniqueIdentifier>
    </Filter>
    <Filter Include="Header Files\Configs">
      <UniqueIdentifier>{fe75a1ae-3791-473e-a2e5-93140c209088}</UniqueIdentifier>
    </Filter>
  </ItemGroup>
  <ItemGroup>
    <Text Include="ReadMe.txt" />
  </ItemGroup>
  <ItemGroup>
    <ClCompile Include="GlobalFunctions.cpp">
      <Filter>Source Files</Filter>
    </ClCompile>
    <ClCompile Include="JACKIE_Thread.cpp">
      <Filter>Source Files</Filter>
    </ClCompile>
    <ClCompile Include="JACKIE_INet_Socket.cpp">
      <Filter>Source Files</Filter>
    </ClCompile>
    <ClCompile Include="OverrideMemory.cpp">
      <Filter>Source Files</Filter>
    </ClCompile>
    <ClCompile Include="JACKIE_Simple_Mutex.cpp">
      <Filter>Source Files</Filter>
    </ClCompile>
    <ClCompile Include="NetTypes.cpp">
      <Filter>Source Files</Filter>
    </ClCompile>
    <ClCompile Include="JACKIE_Atomic.cpp">
      <Filter>Source Files</Filter>
    </ClCompile>
    <ClCompile Include="WSAStartupSingleton.cpp">
      <Filter>Source Files</Filter>
    </ClCompile>
    <ClCompile Include="NetTime.cpp">
      <Filter>Source Files</Filter>
    </ClCompile>
    <ClCompile Include="ServerApplication.cpp">
      <Filter>Source Files</Filter>
    </ClCompile>
    <ClCompile Include="ThreadConditionSignalEvent.cpp">
      <Filter>Source Files</Filter>
    </ClCompile>
    <ClCompile Include="RandomSeedCreator.cpp">
      <Filter>Source Files</Filter>
    </ClCompile>
    <ClCompile Include="IPlugin.cpp">
      <Filter>Source Files</Filter>
    </ClCompile>
    <ClCompile Include="BitStream.cpp">
      <Filter>Source Files</Filter>
    </ClCompile>
    <ClCompile Include="ReliabilityLayer.cpp">
      <Filter>Source Files</Filter>
    </ClCompile>
  </ItemGroup>
  <ItemGroup>
    <ClInclude Include="JACKIE_INet_Socket.h">
      <Filter>Header Files</Filter>
    </ClInclude>
    <ClInclude Include="NetTypes.h">
      <Filter>Header Files</Filter>
    </ClInclude>
    <ClInclude Include="IServerApplication.h">
      <Filter>Header Files</Filter>
    </ClInclude>
    <ClInclude Include="ServerApplication.h">
      <Filter>Header Files</Filter>
    </ClInclude>
    <ClInclude Include="MemoryPool.h">
      <Filter>Header Files\DataStructures</Filter>
    </ClInclude>
    <ClInclude Include="atomic_ops.h">
      <Filter>Header Files\DataStructures</Filter>
    </ClInclude>
    <ClInclude Include="RingBufferQueue.h">
      <Filter>Header Files\DataStructures</Filter>
    </ClInclude>
    <ClInclude Include="LockFreeQueue.h">
      <Filter>Header Files\DataStructures</Filter>
    </ClInclude>
    <ClInclude Include="CompileFeatures.h">
      <Filter>Header Files\Configs</Filter>
    </ClInclude>
    <ClInclude Include="CompileFeaturesOverride.h">
      <Filter>Header Files\Configs</Filter>
    </ClInclude>
    <ClInclude Include="DefaultNetDefines.h">
      <Filter>Header Files\Configs</Filter>
    </ClInclude>
    <ClInclude Include="OverrideMemory.h">
      <Filter>Header Files\Configs</Filter>
    </ClInclude>
    <ClInclude Include="OverrideNetDefines.h">
      <Filter>Header Files\Configs</Filter>
    </ClInclude>
    <ClInclude Include="SockOSIncludes.h">
      <Filter>Header Files\Configs</Filter>
    </ClInclude>
    <ClInclude Include="SocketDefines.h">
      <Filter>Header Files\Configs</Filter>
    </ClInclude>
    <ClInclude Include="WindowsIncludes.h">
      <Filter>Header Files\Configs</Filter>
    </ClInclude>
    <ClInclude Include="BasicTypes.h">
      <Filter>Header Files\Configs</Filter>
    </ClInclude>
    <ClInclude Include="DLLExport.h">
      <Filter>Header Files\Configs</Filter>
    </ClInclude>
    <ClInclude Include="WSAStartupSingleton.h">
      <Filter>Header Files\Configs</Filter>
    </ClInclude>
    <ClInclude Include="GlobalFunctions.h">
      <Filter>Header Files\Ultils</Filter>
    </ClInclude>
    <ClInclude Include="ThreadConditionSignalEvent.h">
      <Filter>Header Files\Ultils</Filter>
    </ClInclude>
    <ClInclude Include="JACKIE_Thread.h">
      <Filter>Header Files\Ultils</Filter>
    </ClInclude>
    <ClInclude Include="JACKIE_Simple_Mutex.h">
      <Filter>Header Files\Ultils</Filter>
    </ClInclude>
    <ClInclude Include="JACKIE_Atomic.h">
      <Filter>Header Files\Ultils</Filter>
    </ClInclude>
    <ClInclude Include="NetTime.h">
      <Filter>Header Files\Ultils</Filter>
    </ClInclude>
    <ClInclude Include="RandomSeedCreator.h">
      <Filter>Header Files</Filter>
    </ClInclude>
    <ClInclude Include="IPlugin.h">
      <Filter>Header Files</Filter>
    </ClInclude>
    <ClInclude Include="BitStream.h">
      <Filter>Header Files\Ultils</Filter>
    </ClInclude>
    <ClInclude Include="980easylogging++.h">
      <Filter>Header Files\Ultils</Filter>
    </ClInclude>
    <ClInclude Include="EasyLog.h">
      <Filter>Header Files\Ultils</Filter>
    </ClInclude>
    <ClInclude Include="MemPoolAllocRingBufferQueue.h">
      <Filter>Header Files\DataStructures</Filter>
    </ClInclude>
    <ClInclude Include="MessageID.h">
      <Filter>Header Files</Filter>
    </ClInclude>
    <ClInclude Include="ReliabilityLayer.h">
      <Filter>Header Files</Filter>
    </ClInclude>
  </ItemGroup>
</Project>